Microsoft Visual Studio Solution File, Format Version 12.00
# Visual Studio Version 17
VisualStudioVersion = 17.5.2.0
MinimumVisualStudioVersion = 10.0.40219.1
Project("{FAE04EC0-301F-11D3-BF4B-00C04F79EFBC}") = "GreedySurvivorBot", "GreedySurvivorBot\GreedySurvivorBot.csproj", "{4FFABAFA-20F2-0446-A62D-51A8DF91700F}"
EndProject
Project("{FAE04EC0-301F-11D3-BF4B-00C04F79EFBC}") = "TemplateBot", "TemplateBot\TemplateBot.csproj", "{16C6289D-AAD1-E494-E250-5D536269E428}"
EndProject
Global
	GlobalSection(SolutionConfigurationPlatforms) = preSolution
		Debug|Any CPU = Debug|Any CPU
		Release|Any CPU = Release|Any CPU
	EndGlobalSection
	GlobalSection(ProjectConfigurationPlatforms) = postSolution
		{4FFABAFA-20F2-0446-A62D-51A8DF91700F}.Debug|Any CPU.ActiveCfg = Debug|Any CPU
		{4FFABAFA-20F2-0446-A62D-51A8DF91700F}.Debug|Any CPU.Build.0 = Debug|Any CPU
		{4FFABAFA-20F2-0446-A62D-51A8DF91700F}.Release|Any CPU.ActiveCfg = Release|Any CPU
		{4FFABAFA-20F2-0446-A62D-51A8DF91700F}.Release|Any CPU.Build.0 = Release|Any CPU
		{16C6289D-AAD1-E494-E250-5D536269E428}.Debug|Any CPU.ActiveCfg = Debug|Any CPU
		{16C6289D-AAD1-E494-E250-5D536269E428}.Debug|Any CPU.Build.0 = Debug|Any CPU
		{16C6289D-AAD1-E494-E250-5D536269E428}.Release|Any CPU.ActiveCfg = Release|Any CPU
		{16C6289D-AAD1-E494-E250-5D536269E428}.Release|Any CPU.Build.0 = Release|Any CPU
	EndGlobalSection
	GlobalSection(SolutionProperties) = preSolution
		HideSolutionNode = FALSE
	EndGlobalSection
	GlobalSection(ExtensibilityGlobals) = postSolution
		SolutionGuid = {F3286CCB-8479-4FD7-91F8-494EC9F5B189}
	EndGlobalSection
EndGlobal
